
Microsoft Visual Studio Solution File, Format Version 12.00
# Visual Studio Version 17
VisualStudioVersion = 17.4.33205.214
MinimumVisualStudioVersion = 10.0.40219.1
Project("{9A19103F-16F7-4668-BE54-9A1E7A4F7556}") = "WebApiAutores", "WebApiAutores.csproj", "{8169AADC-0434-4D76-B9E5-39EA6119FE9B}"
EndProject
Project("{FAE04EC0-301F-11D3-BF4B-00C04F79EFBC}") = "BiblioteAPItest", "..\BiblioteAPItest\BiblioteAPItest.csproj", "{B54AD03E-C227-45B1-A939-D9F1DD84BC1C}"
EndProject
Global
	GlobalSection(SolutionConfigurationPlatforms) = preSolution
		Debug|Any CPU = Debug|Any CPU
		Release|Any CPU = Release|Any CPU
	EndGlobalSection
	GlobalSection(ProjectConfigurationPlatforms) = postSolution
		{8169AADC-0434-4D76-B9E5-39EA6119FE9B}.Debug|Any CPU.ActiveCfg = Debug|Any CPU
		{8169AADC-0434-4D76-B9E5-39EA6119FE9B}.Debug|Any CPU.Build.0 = Debug|Any CPU
		{8169AADC-0434-4D76-B9E5-39EA6119FE9B}.Release|Any CPU.ActiveCfg = Release|Any CPU
		{8169AADC-0434-4D76-B9E5-39EA6119FE9B}.Release|Any CPU.Build.0 = Release|Any CPU
		{B54AD03E-C227-45B1-A939-D9F1DD84BC1C}.Debug|Any CPU.ActiveCfg = Debug|Any CPU
		{B54AD03E-C227-45B1-A939-D9F1DD84BC1C}.Debug|Any CPU.Build.0 = Debug|Any CPU
		{B54AD03E-C227-45B1-A939-D9F1DD84BC1C}.Release|Any CPU.ActiveCfg = Release|Any CPU
		{B54AD03E-C227-45B1-A939-D9F1DD84BC1C}.Release|Any CPU.Build.0 = Release|Any CPU
	EndGlobalSection
	GlobalSection(SolutionProperties) = preSolution
		HideSolutionNode = FALSE
	EndGlobalSection
	GlobalSection(ExtensibilityGlobals) = postSolution
		SolutionGuid = {AE1F1161-F2F9-4F03-9201-0D7760ABE04E}
	EndGlobalSection
EndGlobal
